
Microsoft Visual Studio Solution File, Format Version 12.00
# Visual Studio Version 17
VisualStudioVersion = 17.14.36705.20 d17.14
MinimumVisualStudioVersion = 10.0.40219.1
Project("{FAE04EC0-301F-11D3-BF4B-00C04F79EFBC}") = "exemplos", "exemplos.csproj", "{09922699-99B0-4D3F-B5A8-DCC85BBCA0E8}"
EndProject
Global
	GlobalSection(SolutionConfigurationPlatforms) = preSolution
		Debug|Any CPU = Debug|Any CPU
		Release|Any CPU = Release|Any CPU
	EndGlobalSection
	GlobalSection(ProjectConfigurationPlatforms) = postSolution
		{09922699-99B0-4D3F-B5A8-DCC85BBCA0E8}.Debug|Any CPU.ActiveCfg = Debug|Any CPU
		{09922699-99B0-4D3F-B5A8-DCC85BBCA0E8}.Debug|Any CPU.Build.0 = Debug|Any CPU
		{09922699-99B0-4D3F-B5A8-DCC85BBCA0E8}.Release|Any CPU.ActiveCfg = Release|Any CPU
		{09922699-99B0-4D3F-B5A8-DCC85BBCA0E8}.Release|Any CPU.Build.0 = Release|Any CPU
	EndGlobalSection
	GlobalSection(SolutionProperties) = preSolution
		HideSolutionNode = FALSE
	EndGlobalSection
	GlobalSection(ExtensibilityGlobals) = postSolution
		SolutionGuid = {AC9CB5D0-B0E0-43D7-A3CA-0DC5CEEDD28E}
	EndGlobalSection
EndGlobal
